# This file is autogenerated, do not edit; changes may be undone by the next 'dep ensure'.


[[projects]]
  branch = "master"
  digest = "1:97b112b50c5e7cdcafa2ae4f00d3280521c94933a68316d36a548fd8e412f7ee"
  name = "github.com/casept/id3-go"
  packages = [
    ".",
    "encodedbytes",
    "v1",
    "v2",
  ]
  pruneopts = "NUT"
  revision = "2e21798b4999ccd0cd10fdb37e427712998d6fc2"

[[projects]]
  branch = "master"
  digest = "1:fe8fa5e1dd44a3e87d7e16c11feaea98d39ac20277ea0ce4467114563eaac0a9"
  name = "github.com/ceralena/go-cacheh"
  packages = ["."]
  pruneopts = "NUT"
  revision = "ae3d4cb5cd35394b04783050b86cce82f3a57bfe"

[[projects]]
  digest = "1:b08ccf756352fda423294cf3b5f25d135b0a39632d49a678f57ec9e643ad833c"
  name = "github.com/kennygrant/sanitize"
  packages = ["."]
  pruneopts = "NUT"
  revision = "06ec0d0dbcd497d01e5189b16f5263f712e61a8e"
  version = "v1.2.4"

[[projects]]
  digest = "1:5dba68a1600a235630e208cb7196b24e58fcbb77bb7a6bec08fcd23f081b0a58"
  name = "github.com/urfave/cli"
  packages = ["."]
  pruneopts = "NUT"
  revision = "cfb38830724cc34fedffe9a2a29fb54fa9169cd1"
  version = "v1.20.0"

[[projects]]
  branch = "master"
  digest = "1:cc9018972f0ec220424cadedf663d90048bafe045c5c82bbec23fa221cb8cf38"
  name = "golang.org/x/net"
  packages = [
    "html",
    "html/atom",
  ]
  pruneopts = "NUT"
  revision = "f4c29de78a2a91c00474a2e689954305c350adf9"

[[projects]]
  digest = "1:6afa560af4b4204a01536fb411ae5f0da85862a85bac8b829becf829eb74c727"
  name = "golang.org/x/text"
  packages = [
    "encoding",
    "encoding/charmap",
    "encoding/internal",
    "encoding/internal/identifier",
    "encoding/unicode",
    "internal/gen",
    "internal/utf8internal",
    "runes",
    "transform",
    "unicode/cldr",
  ]
  pruneopts = "NUT"
  revision = "f21a4dfb5e38f5895301dc265a8def02365cc3d0"
  version = "v0.3.0"

[solve-meta]
  analyzer-name = "dep"
  analyzer-version = 1
  input-imports = [
    "github.com/casept/id3-go",
    "github.com/ceralena/go-cacheh",
    "github.com/urfave/cli",
  ]
  solver-name = "gps-cdcl"
  solver-version = 1
